
Microsoft Visual Studio Solution File, Format Version 12.00
# Visual Studio Version 17
VisualStudioVersion = 17.9.34902.65
MinimumVisualStudioVersion = 10.0.40219.1
Project("{9A19103F-16F7-4668-BE54-9A1E7A4F7556}") = "Haukcode.KiNet", "src\Haukcode.KiNet\Haukcode.KiNet.csproj", "{B8B1A2A4-6F95-4B20-98BE-0916172AE8DD}"
EndProject
Project("{9A19103F-16F7-4668-BE54-9A1E7A4F7556}") = "Haukcode.KiNet.ConsoleExample", "example\Haukcode.KiNet.ConsoleExample.csproj", "{56232436-1A14-4054-84E1-86647DBD9CC6}"
EndProject
Project("{FAE04EC0-301F-11D3-BF4B-00C04F79EFBC}") = "Haukcode.HighPerfComm", "..\Haukcode.HighPerfComm\src\Haukcode.HighPerfComm.csproj", "{DF977006-105D-4401-87AB-AEDD816815B5}"
EndProject
Project("{FAE04EC0-301F-11D3-BF4B-00C04F79EFBC}") = "Haukcode.KiNet-Debug", "src\Haukcode.KiNet\Haukcode.KiNet-Debug.csproj", "{8E26E98D-73E6-F394-3430-4788A9667E9B}"
EndProject
Global
	GlobalSection(SolutionConfigurationPlatforms) = preSolution
		Debug|Any CPU = Debug|Any CPU
		Release|Any CPU = Release|Any CPU
	EndGlobalSection
	GlobalSection(ProjectConfigurationPlatforms) = postSolution
		{B8B1A2A4-6F95-4B20-98BE-0916172AE8DD}.Debug|Any CPU.ActiveCfg = Debug|Any CPU
		{B8B1A2A4-6F95-4B20-98BE-0916172AE8DD}.Debug|Any CPU.Build.0 = Debug|Any CPU
		{B8B1A2A4-6F95-4B20-98BE-0916172AE8DD}.Release|Any CPU.ActiveCfg = Release|Any CPU
		{B8B1A2A4-6F95-4B20-98BE-0916172AE8DD}.Release|Any CPU.Build.0 = Release|Any CPU
		{56232436-1A14-4054-84E1-86647DBD9CC6}.Debug|Any CPU.ActiveCfg = Debug|Any CPU
		{56232436-1A14-4054-84E1-86647DBD9CC6}.Debug|Any CPU.Build.0 = Debug|Any CPU
		{56232436-1A14-4054-84E1-86647DBD9CC6}.Release|Any CPU.ActiveCfg = Release|Any CPU
		{56232436-1A14-4054-84E1-86647DBD9CC6}.Release|Any CPU.Build.0 = Release|Any CPU
		{DF977006-105D-4401-87AB-AEDD816815B5}.Debug|Any CPU.ActiveCfg = Debug|Any CPU
		{DF977006-105D-4401-87AB-AEDD816815B5}.Debug|Any CPU.Build.0 = Debug|Any CPU
		{DF977006-105D-4401-87AB-AEDD816815B5}.Release|Any CPU.ActiveCfg = Release|Any CPU
		{DF977006-105D-4401-87AB-AEDD816815B5}.Release|Any CPU.Build.0 = Release|Any CPU
		{8E26E98D-73E6-F394-3430-4788A9667E9B}.Debug|Any CPU.ActiveCfg = Debug|Any CPU
		{8E26E98D-73E6-F394-3430-4788A9667E9B}.Debug|Any CPU.Build.0 = Debug|Any CPU
		{8E26E98D-73E6-F394-3430-4788A9667E9B}.Release|Any CPU.ActiveCfg = Release|Any CPU
		{8E26E98D-73E6-F394-3430-4788A9667E9B}.Release|Any CPU.Build.0 = Release|Any CPU
	EndGlobalSection
	GlobalSection(SolutionProperties) = preSolution
		HideSolutionNode = FALSE
	EndGlobalSection
	GlobalSection(ExtensibilityGlobals) = postSolution
		SolutionGuid = {E4D24BFC-05B1-4EBD-BECE-B105D71DEF71}
	EndGlobalSection
EndGlobal
